
Microsoft Visual Studio Solution File, Format Version 12.00
# Visual Studio Version 17
VisualStudioVersion = 17.3.32804.467
MinimumVisualStudioVersion = 10.0.40219.1
Project("{FAE04EC0-301F-11D3-BF4B-00C04F79EFBC}") = "PoppelOrderProcessingSystem", "PoppelOrderProcessingSystem\PoppelOrderProcessingSystem.csproj", "{6B11E833-B820-4F8B-9738-F0BC08F6E487}"
EndProject
Global
	GlobalSection(SolutionConfigurationPlatforms) = preSolution
		Debug|Any CPU = Debug|Any CPU
		Release|Any CPU = Release|Any CPU
	EndGlobalSection
	GlobalSection(ProjectConfigurationPlatforms) = postSolution
		{6B11E833-B820-4F8B-9738-F0BC08F6E487}.Debug|Any CPU.ActiveCfg = Debug|Any CPU
		{6B11E833-B820-4F8B-9738-F0BC08F6E487}.Debug|Any CPU.Build.0 = Debug|Any CPU
		{6B11E833-B820-4F8B-9738-F0BC08F6E487}.Release|Any CPU.ActiveCfg = Release|Any CPU
		{6B11E833-B820-4F8B-9738-F0BC08F6E487}.Release|Any CPU.Build.0 = Release|Any CPU
	EndGlobalSection
	GlobalSection(SolutionProperties) = preSolution
		HideSolutionNode = FALSE
	EndGlobalSection
	GlobalSection(ExtensibilityGlobals) = postSolution
		SolutionGuid = {CADADF1D-8181-417D-9AB0-D4215AF1A9A4}
	EndGlobalSection
EndGlobal
